
Microsoft Visual Studio Solution File, Format Version 12.00
# Visual Studio 15
VisualStudioVersion = 15.0.28307.1022
MinimumVisualStudioVersion = 10.0.40219.1
Project("{FAE04EC0-301F-11D3-BF4B-00C04F79EFBC}") = "Winforms Chess", "WinForms Chess\WinFormsChess.csproj", "{C8BFBEE3-1C42-43FE-B5DE-1BD456BAD7D7}"
EndProject
Global
	GlobalSection(SolutionConfigurationPlatforms) = preSolution
		Debug|Any CPU = Debug|Any CPU
		Release|Any CPU = Release|Any CPU
	EndGlobalSection
	GlobalSection(ProjectConfigurationPlatforms) = postSolution
		{C8BFBEE3-1C42-43FE-B5DE-1BD456BAD7D7}.Debug|Any CPU.ActiveCfg = Debug|Any CPU
		{C8BFBEE3-1C42-43FE-B5DE-1BD456BAD7D7}.Debug|Any CPU.Build.0 = Debug|Any CPU
		{C8BFBEE3-1C42-43FE-B5DE-1BD456BAD7D7}.Release|Any CPU.ActiveCfg = Release|Any CPU
		{C8BFBEE3-1C42-43FE-B5DE-1BD456BAD7D7}.Release|Any CPU.Build.0 = Release|Any CPU
	EndGlobalSection
	GlobalSection(SolutionProperties) = preSolution
		HideSolutionNode = FALSE
	EndGlobalSection
	GlobalSection(ExtensibilityGlobals) = postSolution
		SolutionGuid = {93FAE9AF-DB5E-4E2A-BB1A-8630C8A6882A}
	EndGlobalSection
EndGlobal
